
Microsoft Visual Studio Solution File, Format Version 12.00
# Visual Studio Version 16
VisualStudioVersion = 16.0.29020.237
MinimumVisualStudioVersion = 10.0.40219.1
Project("{FAE04EC0-301F-11D3-BF4B-00C04F79EFBC}") = "ValidandoString", "ValidandoString.csproj", "{73F6071D-0DB3-4157-9783-36895B4204B3}"
EndProject
Global
	GlobalSection(SolutionConfigurationPlatforms) = preSolution
		Debug|Any CPU = Debug|Any CPU
		Release|Any CPU = Release|Any CPU
	EndGlobalSection
	GlobalSection(ProjectConfigurationPlatforms) = postSolution
		{73F6071D-0DB3-4157-9783-36895B4204B3}.Debug|Any CPU.ActiveCfg = Debug|Any CPU
		{73F6071D-0DB3-4157-9783-36895B4204B3}.Debug|Any CPU.Build.0 = Debug|Any CPU
		{73F6071D-0DB3-4157-9783-36895B4204B3}.Release|Any CPU.ActiveCfg = Release|Any CPU
		{73F6071D-0DB3-4157-9783-36895B4204B3}.Release|Any CPU.Build.0 = Release|Any CPU
	EndGlobalSection
	GlobalSection(SolutionProperties) = preSolution
		HideSolutionNode = FALSE
	EndGlobalSection
	GlobalSection(ExtensibilityGlobals) = postSolution
		SolutionGuid = {50D8AD2A-7D43-4C57-9694-87F4C490CD11}
	EndGlobalSection
EndGlobal
