
Microsoft Visual Studio Solution File, Format Version 12.00
# Visual Studio Version 16
VisualStudioVersion = 16.0.29020.237
MinimumVisualStudioVersion = 10.0.40219.1
Project("{FAE04EC0-301F-11D3-BF4B-00C04F79EFBC}") = "AdicionandoValoresEmUmaLista", "AdicionandoValoresEmUmaLista.csproj", "{1207E042-C014-4228-90FB-A77D7313A642}"
EndProject
Global
	GlobalSection(SolutionConfigurationPlatforms) = preSolution
		Debug|Any CPU = Debug|Any CPU
		Release|Any CPU = Release|Any CPU
	EndGlobalSection
	GlobalSection(ProjectConfigurationPlatforms) = postSolution
		{1207E042-C014-4228-90FB-A77D7313A642}.Debug|Any CPU.ActiveCfg = Debug|Any CPU
		{1207E042-C014-4228-90FB-A77D7313A642}.Debug|Any CPU.Build.0 = Debug|Any CPU
		{1207E042-C014-4228-90FB-A77D7313A642}.Release|Any CPU.ActiveCfg = Release|Any CPU
		{1207E042-C014-4228-90FB-A77D7313A642}.Release|Any CPU.Build.0 = Release|Any CPU
	EndGlobalSection
	GlobalSection(SolutionProperties) = preSolution
		HideSolutionNode = FALSE
	EndGlobalSection
	GlobalSection(ExtensibilityGlobals) = postSolution
		SolutionGuid = {5668179E-FE5F-4F0B-8797-439274D0B489}
	EndGlobalSection
EndGlobal
