
Microsoft Visual Studio Solution File, Format Version 12.00
# Visual Studio Version 16
VisualStudioVersion = 16.0.29020.237
MinimumVisualStudioVersion = 10.0.40219.1
Project("{FAE04EC0-301F-11D3-BF4B-00C04F79EFBC}") = "CadastrosDeLanches", "CadastrosDeLanches.csproj", "{A5AD50D4-F55E-41B8-87A9-BF70082E3609}"
EndProject
Global
	GlobalSection(SolutionConfigurationPlatforms) = preSolution
		Debug|Any CPU = Debug|Any CPU
		Release|Any CPU = Release|Any CPU
	EndGlobalSection
	GlobalSection(ProjectConfigurationPlatforms) = postSolution
		{A5AD50D4-F55E-41B8-87A9-BF70082E3609}.Debug|Any CPU.ActiveCfg = Debug|Any CPU
		{A5AD50D4-F55E-41B8-87A9-BF70082E3609}.Debug|Any CPU.Build.0 = Debug|Any CPU
		{A5AD50D4-F55E-41B8-87A9-BF70082E3609}.Release|Any CPU.ActiveCfg = Release|Any CPU
		{A5AD50D4-F55E-41B8-87A9-BF70082E3609}.Release|Any CPU.Build.0 = Release|Any CPU
	EndGlobalSection
	GlobalSection(SolutionProperties) = preSolution
		HideSolutionNode = FALSE
	EndGlobalSection
	GlobalSection(ExtensibilityGlobals) = postSolution
		SolutionGuid = {245599CA-42B2-45FC-86E4-D0FF7B379284}
	EndGlobalSection
EndGlobal
