
Microsoft Visual Studio Solution File, Format Version 12.00
# Visual Studio Version 16
VisualStudioVersion = 16.0.29020.237
MinimumVisualStudioVersion = 10.0.40219.1
Project("{FAE04EC0-301F-11D3-BF4B-00C04F79EFBC}") = "Alocacao de Carro", "Alocacao de Carro.csproj", "{35FDFCA6-3480-474C-A056-16F8A6BE424D}"
EndProject
Global
	GlobalSection(SolutionConfigurationPlatforms) = preSolution
		Debug|Any CPU = Debug|Any CPU
		Release|Any CPU = Release|Any CPU
	EndGlobalSection
	GlobalSection(ProjectConfigurationPlatforms) = postSolution
		{35FDFCA6-3480-474C-A056-16F8A6BE424D}.Debug|Any CPU.ActiveCfg = Debug|Any CPU
		{35FDFCA6-3480-474C-A056-16F8A6BE424D}.Debug|Any CPU.Build.0 = Debug|Any CPU
		{35FDFCA6-3480-474C-A056-16F8A6BE424D}.Release|Any CPU.ActiveCfg = Release|Any CPU
		{35FDFCA6-3480-474C-A056-16F8A6BE424D}.Release|Any CPU.Build.0 = Release|Any CPU
	EndGlobalSection
	GlobalSection(SolutionProperties) = preSolution
		HideSolutionNode = FALSE
	EndGlobalSection
	GlobalSection(ExtensibilityGlobals) = postSolution
		SolutionGuid = {B61A15C9-B09B-4F13-9360-438E5CABBED9}
	EndGlobalSection
EndGlobal
