
Microsoft Visual Studio Solution File, Format Version 12.00
# Visual Studio Version 16
VisualStudioVersion = 16.0.29020.237
MinimumVisualStudioVersion = 10.0.40219.1
Project("{FAE04EC0-301F-11D3-BF4B-00C04F79EFBC}") = "AtividadeLista", "AtividadeLista.csproj", "{865BA3A4-3D4F-4D9C-A53B-2D8274663177}"
EndProject
Global
	GlobalSection(SolutionConfigurationPlatforms) = preSolution
		Debug|Any CPU = Debug|Any CPU
		Release|Any CPU = Release|Any CPU
	EndGlobalSection
	GlobalSection(ProjectConfigurationPlatforms) = postSolution
		{865BA3A4-3D4F-4D9C-A53B-2D8274663177}.Debug|Any CPU.ActiveCfg = Debug|Any CPU
		{865BA3A4-3D4F-4D9C-A53B-2D8274663177}.Debug|Any CPU.Build.0 = Debug|Any CPU
		{865BA3A4-3D4F-4D9C-A53B-2D8274663177}.Release|Any CPU.ActiveCfg = Release|Any CPU
		{865BA3A4-3D4F-4D9C-A53B-2D8274663177}.Release|Any CPU.Build.0 = Release|Any CPU
	EndGlobalSection
	GlobalSection(SolutionProperties) = preSolution
		HideSolutionNode = FALSE
	EndGlobalSection
	GlobalSection(ExtensibilityGlobals) = postSolution
		SolutionGuid = {8C2BA80B-87CE-4240-8FF3-550E802E1F90}
	EndGlobalSection
EndGlobal
