
Microsoft Visual Studio Solution File, Format Version 12.00
# Visual Studio Version 16
VisualStudioVersion = 16.0.29020.237
MinimumVisualStudioVersion = 10.0.40219.1
Project("{FAE04EC0-301F-11D3-BF4B-00C04F79EFBC}") = "MyFirstWinForms", "MyFirstWinForms.csproj", "{B6E3E522-AB67-477F-A567-2696B3856E5A}"
EndProject
Global
	GlobalSection(SolutionConfigurationPlatforms) = preSolution
		Debug|Any CPU = Debug|Any CPU
		Release|Any CPU = Release|Any CPU
	EndGlobalSection
	GlobalSection(ProjectConfigurationPlatforms) = postSolution
		{B6E3E522-AB67-477F-A567-2696B3856E5A}.Debug|Any CPU.ActiveCfg = Debug|Any CPU
		{B6E3E522-AB67-477F-A567-2696B3856E5A}.Debug|Any CPU.Build.0 = Debug|Any CPU
		{B6E3E522-AB67-477F-A567-2696B3856E5A}.Release|Any CPU.ActiveCfg = Release|Any CPU
		{B6E3E522-AB67-477F-A567-2696B3856E5A}.Release|Any CPU.Build.0 = Release|Any CPU
	EndGlobalSection
	GlobalSection(SolutionProperties) = preSolution
		HideSolutionNode = FALSE
	EndGlobalSection
	GlobalSection(ExtensibilityGlobals) = postSolution
		SolutionGuid = {AE1F516D-8DB5-4609-B495-E82395EFF203}
	EndGlobalSection
EndGlobal
