
Microsoft Visual Studio Solution File, Format Version 12.00
# Visual Studio Version 16
VisualStudioVersion = 16.0.29020.237
MinimumVisualStudioVersion = 10.0.40219.1
Project("{FAE04EC0-301F-11D3-BF4B-00C04F79EFBC}") = "CalculadoraWPF", "CalculadoraWPF.csproj", "{46A2A8EE-DEC1-4E52-890C-816D1FE76C17}"
EndProject
Global
	GlobalSection(SolutionConfigurationPlatforms) = preSolution
		Debug|Any CPU = Debug|Any CPU
		Release|Any CPU = Release|Any CPU
	EndGlobalSection
	GlobalSection(ProjectConfigurationPlatforms) = postSolution
		{46A2A8EE-DEC1-4E52-890C-816D1FE76C17}.Debug|Any CPU.ActiveCfg = Debug|Any CPU
		{46A2A8EE-DEC1-4E52-890C-816D1FE76C17}.Debug|Any CPU.Build.0 = Debug|Any CPU
		{46A2A8EE-DEC1-4E52-890C-816D1FE76C17}.Release|Any CPU.ActiveCfg = Release|Any CPU
		{46A2A8EE-DEC1-4E52-890C-816D1FE76C17}.Release|Any CPU.Build.0 = Release|Any CPU
	EndGlobalSection
	GlobalSection(SolutionProperties) = preSolution
		HideSolutionNode = FALSE
	EndGlobalSection
	GlobalSection(ExtensibilityGlobals) = postSolution
		SolutionGuid = {C53117A1-4EEF-4D69-8D35-513D2DAA595C}
	EndGlobalSection
EndGlobal
