
Microsoft Visual Studio Solution File, Format Version 12.00
# Visual Studio Version 16
VisualStudioVersion = 16.0.29020.237
MinimumVisualStudioVersion = 10.0.40219.1
Project("{FAE04EC0-301F-11D3-BF4B-00C04F79EFBC}") = "InserindoeRemovendoLista", "InserindoeRemovendoLista.csproj", "{B77442F9-8654-4758-8046-1BF0273DA18B}"
EndProject
Global
	GlobalSection(SolutionConfigurationPlatforms) = preSolution
		Debug|Any CPU = Debug|Any CPU
		Release|Any CPU = Release|Any CPU
	EndGlobalSection
	GlobalSection(ProjectConfigurationPlatforms) = postSolution
		{B77442F9-8654-4758-8046-1BF0273DA18B}.Debug|Any CPU.ActiveCfg = Debug|Any CPU
		{B77442F9-8654-4758-8046-1BF0273DA18B}.Debug|Any CPU.Build.0 = Debug|Any CPU
		{B77442F9-8654-4758-8046-1BF0273DA18B}.Release|Any CPU.ActiveCfg = Release|Any CPU
		{B77442F9-8654-4758-8046-1BF0273DA18B}.Release|Any CPU.Build.0 = Release|Any CPU
	EndGlobalSection
	GlobalSection(SolutionProperties) = preSolution
		HideSolutionNode = FALSE
	EndGlobalSection
	GlobalSection(ExtensibilityGlobals) = postSolution
		SolutionGuid = {5311EF19-6E82-4BE5-83AD-2A0F63A65495}
	EndGlobalSection
EndGlobal
