
Microsoft Visual Studio Solution File, Format Version 12.00
# Visual Studio Version 16
VisualStudioVersion = 16.0.29020.237
MinimumVisualStudioVersion = 10.0.40219.1
Project("{FAE04EC0-301F-11D3-BF4B-00C04F79EFBC}") = "MeuCarro4x4CLass", "MeuCarro4x4CLass.csproj", "{8C331E4A-D4E6-42EE-9C7C-98938E8DFE54}"
EndProject
Global
	GlobalSection(SolutionConfigurationPlatforms) = preSolution
		Debug|Any CPU = Debug|Any CPU
		Release|Any CPU = Release|Any CPU
	EndGlobalSection
	GlobalSection(ProjectConfigurationPlatforms) = postSolution
		{8C331E4A-D4E6-42EE-9C7C-98938E8DFE54}.Debug|Any CPU.ActiveCfg = Debug|Any CPU
		{8C331E4A-D4E6-42EE-9C7C-98938E8DFE54}.Debug|Any CPU.Build.0 = Debug|Any CPU
		{8C331E4A-D4E6-42EE-9C7C-98938E8DFE54}.Release|Any CPU.ActiveCfg = Release|Any CPU
		{8C331E4A-D4E6-42EE-9C7C-98938E8DFE54}.Release|Any CPU.Build.0 = Release|Any CPU
	EndGlobalSection
	GlobalSection(SolutionProperties) = preSolution
		HideSolutionNode = FALSE
	EndGlobalSection
	GlobalSection(ExtensibilityGlobals) = postSolution
		SolutionGuid = {F15DF7A5-55B8-4661-9450-A06D3B29DF7C}
	EndGlobalSection
EndGlobal
